
Microsoft Visual Studio Solution File, Format Version 12.00
# Visual Studio Version 17
VisualStudioVersion = 17.5.002.0
MinimumVisualStudioVersion = 10.0.40219.1
Project("{9A19103F-16F7-4668-BE54-9A1E7A4F7556}") = "Tree", "Tree.csproj", "{713137E3-CDDD-498C-827F-F6BDC8832427}"
EndProject
Global
	GlobalSection(SolutionConfigurationPlatforms) = preSolution
		Debug|Any CPU = Debug|Any CPU
		Release|Any CPU = Release|Any CPU
	EndGlobalSection
	GlobalSection(ProjectConfigurationPlatforms) = postSolution
		{713137E3-CDDD-498C-827F-F6BDC8832427}.Debug|Any CPU.ActiveCfg = Debug|Any CPU
		{713137E3-CDDD-498C-827F-F6BDC8832427}.Debug|Any CPU.Build.0 = Debug|Any CPU
		{713137E3-CDDD-498C-827F-F6BDC8832427}.Release|Any CPU.ActiveCfg = Release|Any CPU
		{713137E3-CDDD-498C-827F-F6BDC8832427}.Release|Any CPU.Build.0 = Release|Any CPU
	EndGlobalSection
	GlobalSection(SolutionProperties) = preSolution
		HideSolutionNode = FALSE
	EndGlobalSection
	GlobalSection(ExtensibilityGlobals) = postSolution
		SolutionGuid = {B08025E5-AF1F-4205-A86E-0E0C8DCBA089}
	EndGlobalSection
EndGlobal
